
Microsoft Visual Studio Solution File, Format Version 12.00
# Visual Studio Version 17
VisualStudioVersion = 17.5.33627.172
MinimumVisualStudioVersion = 10.0.40219.1
Project("{9A19103F-16F7-4668-BE54-9A1E7A4F7556}") = "Mystore2", "Mystore2\Mystore2.csproj", "{A60EC2BF-895B-4699-B4D7-7EC4828896EB}"
EndProject
Global
	GlobalSection(SolutionConfigurationPlatforms) = preSolution
		Debug|Any CPU = Debug|Any CPU
		Release|Any CPU = Release|Any CPU
	EndGlobalSection
	GlobalSection(ProjectConfigurationPlatforms) = postSolution
		{A60EC2BF-895B-4699-B4D7-7EC4828896EB}.Debug|Any CPU.ActiveCfg = Debug|Any CPU
		{A60EC2BF-895B-4699-B4D7-7EC4828896EB}.Debug|Any CPU.Build.0 = Debug|Any CPU
		{A60EC2BF-895B-4699-B4D7-7EC4828896EB}.Release|Any CPU.ActiveCfg = Release|Any CPU
		{A60EC2BF-895B-4699-B4D7-7EC4828896EB}.Release|Any CPU.Build.0 = Release|Any CPU
	EndGlobalSection
	GlobalSection(SolutionProperties) = preSolution
		HideSolutionNode = FALSE
	EndGlobalSection
	GlobalSection(ExtensibilityGlobals) = postSolution
		SolutionGuid = {D85D35D3-465C-487D-956F-0EF9534D34B8}
	EndGlobalSection
EndGlobal
